
Microsoft Visual Studio Solution File, Format Version 12.00
# Visual Studio Version 17
VisualStudioVersion = 17.14.36221.1 d17.14
MinimumVisualStudioVersion = 10.0.40219.1
Project("{8BC9CEB8-8B4A-11D0-8D11-00A0C91BC942}") = "AcquireRelease", "AcquireRelease\AcquireRelease.vcxproj", "{9D6AA4AD-8506-416D-AC25-603B273F1E4E}"
EndProject
Global
	GlobalSection(SolutionConfigurationPlatforms) = preSolution
		Debug|x64 = Debug|x64
		Debug|x86 = Debug|x86
		Release|x64 = Release|x64
		Release|x86 = Release|x86
	EndGlobalSection
	GlobalSection(ProjectConfigurationPlatforms) = postSolution
		{9D6AA4AD-8506-416D-AC25-603B273F1E4E}.Debug|x64.ActiveCfg = Debug|x64
		{9D6AA4AD-8506-416D-AC25-603B273F1E4E}.Debug|x64.Build.0 = Debug|x64
		{9D6AA4AD-8506-416D-AC25-603B273F1E4E}.Debug|x86.ActiveCfg = Debug|Win32
		{9D6AA4AD-8506-416D-AC25-603B273F1E4E}.Debug|x86.Build.0 = Debug|Win32
		{9D6AA4AD-8506-416D-AC25-603B273F1E4E}.Release|x64.ActiveCfg = Release|x64
		{9D6AA4AD-8506-416D-AC25-603B273F1E4E}.Release|x64.Build.0 = Release|x64
		{9D6AA4AD-8506-416D-AC25-603B273F1E4E}.Release|x86.ActiveCfg = Release|Win32
		{9D6AA4AD-8506-416D-AC25-603B273F1E4E}.Release|x86.Build.0 = Release|Win32
	EndGlobalSection
	GlobalSection(SolutionProperties) = preSolution
		HideSolutionNode = FALSE
	EndGlobalSection
	GlobalSection(ExtensibilityGlobals) = postSolution
		SolutionGuid = {8ADA49B8-FB33-48CB-B29C-055820104B44}
	EndGlobalSection
EndGlobal
